
Microsoft Visual Studio Solution File, Format Version 12.00
# Visual Studio Version 16
VisualStudioVersion = 16.0.32630.194
MinimumVisualStudioVersion = 10.0.40219.1
Project("{9A19103F-16F7-4668-BE54-9A1E7A4F7556}") = "RayTracer", "RayTracer\RayTracer.csproj", "{FC022DD5-7FD8-4CA1-AB17-204CD99C8691}"
EndProject
Project("{9A19103F-16F7-4668-BE54-9A1E7A4F7556}") = "RayTracer.Tests", "RayTracer.Tests\RayTracer.Tests.csproj", "{E9D86197-05FC-4AC0-81E1-6FF4DCB9473D}"
EndProject
Project("{9A19103F-16F7-4668-BE54-9A1E7A4F7556}") = "Demo", "Demo\Demo.csproj", "{0DCF2963-0024-4AEC-B46E-73C599C00DC1}"
EndProject
Project("{9A19103F-16F7-4668-BE54-9A1E7A4F7556}") = "Profiling", "PerformanceTesting\Profiling.csproj", "{875C1111-AF68-480A-8EC3-4050F973F2AA}"
EndProject
Global
	GlobalSection(SolutionConfigurationPlatforms) = preSolution
		Debug|Any CPU = Debug|Any CPU
		Release|Any CPU = Release|Any CPU
	EndGlobalSection
	GlobalSection(ProjectConfigurationPlatforms) = postSolution
		{FC022DD5-7FD8-4CA1-AB17-204CD99C8691}.Debug|Any CPU.ActiveCfg = Debug|Any CPU
		{FC022DD5-7FD8-4CA1-AB17-204CD99C8691}.Debug|Any CPU.Build.0 = Debug|Any CPU
		{FC022DD5-7FD8-4CA1-AB17-204CD99C8691}.Release|Any CPU.ActiveCfg = Release|Any CPU
		{FC022DD5-7FD8-4CA1-AB17-204CD99C8691}.Release|Any CPU.Build.0 = Release|Any CPU
		{E9D86197-05FC-4AC0-81E1-6FF4DCB9473D}.Debug|Any CPU.ActiveCfg = Debug|Any CPU
		{E9D86197-05FC-4AC0-81E1-6FF4DCB9473D}.Debug|Any CPU.Build.0 = Debug|Any CPU
		{E9D86197-05FC-4AC0-81E1-6FF4DCB9473D}.Release|Any CPU.ActiveCfg = Release|Any CPU
		{E9D86197-05FC-4AC0-81E1-6FF4DCB9473D}.Release|Any CPU.Build.0 = Release|Any CPU
		{0DCF2963-0024-4AEC-B46E-73C599C00DC1}.Debug|Any CPU.ActiveCfg = Debug|Any CPU
		{0DCF2963-0024-4AEC-B46E-73C599C00DC1}.Debug|Any CPU.Build.0 = Debug|Any CPU
		{0DCF2963-0024-4AEC-B46E-73C599C00DC1}.Release|Any CPU.ActiveCfg = Release|Any CPU
		{0DCF2963-0024-4AEC-B46E-73C599C00DC1}.Release|Any CPU.Build.0 = Release|Any CPU
		{875C1111-AF68-480A-8EC3-4050F973F2AA}.Debug|Any CPU.ActiveCfg = Debug|Any CPU
		{875C1111-AF68-480A-8EC3-4050F973F2AA}.Debug|Any CPU.Build.0 = Debug|Any CPU
		{875C1111-AF68-480A-8EC3-4050F973F2AA}.Release|Any CPU.ActiveCfg = Release|Any CPU
		{875C1111-AF68-480A-8EC3-4050F973F2AA}.Release|Any CPU.Build.0 = Release|Any CPU
	EndGlobalSection
	GlobalSection(SolutionProperties) = preSolution
		HideSolutionNode = FALSE
	EndGlobalSection
	GlobalSection(ExtensibilityGlobals) = postSolution
		SolutionGuid = {974FEDBE-9D66-4434-999A-154AA173BEAD}
	EndGlobalSection
EndGlobal
